
Microsoft Visual Studio Solution File, Format Version 12.00
Project("{FAE04EC0-301F-11D3-BF4B-00C04F79EFBC}") = "HintScout", "HintScout\HintScout.csproj", "{FB45D10B-45F1-4B8F-9206-119D2BCF3825}"
EndProject
Global
	GlobalSection(SolutionConfigurationPlatforms) = preSolution
		Debug|Any CPU = Debug|Any CPU
		Release|Any CPU = Release|Any CPU
	EndGlobalSection
	GlobalSection(ProjectConfigurationPlatforms) = postSolution
		{FB45D10B-45F1-4B8F-9206-119D2BCF3825}.Debug|Any CPU.ActiveCfg = Debug|Any CPU
		{FB45D10B-45F1-4B8F-9206-119D2BCF3825}.Debug|Any CPU.Build.0 = Debug|Any CPU
		{FB45D10B-45F1-4B8F-9206-119D2BCF3825}.Release|Any CPU.ActiveCfg = Release|Any CPU
		{FB45D10B-45F1-4B8F-9206-119D2BCF3825}.Release|Any CPU.Build.0 = Release|Any CPU
	EndGlobalSection
EndGlobal
